<?xml version="1.0" encoding="utf-8"?>
<Project ToolsVersion="4.0" xmlns="http://schemas.microsoft.com/developer/msbuild/2003">
  <ItemGroup>
    <Filter Include="include">
      <UniqueIdentifier>{93995380-89BD-4b04-88EB-625FBE52EBFB}</UniqueIdentifier>
      <Extensions>h;hh;hpp;hxx;hm;inl;inc;xsd</Extensions>
    </Filter>
    <Filter Include="source">
      <UniqueIdentifier>{4FC737F1-C7A5-4376-A066-2A32D752A2FF}</UniqueIdentifier>
      <Extensions>cpp;c;cc;cxx;def;odl;idl;hpj;bat;asm;asmx</Extensions>
    </Filter>
    <Filter Include="libraries">
      <UniqueIdentifier>{f24ae099-d106-4ad0-b931-21a2c2a611a9}</UniqueIdentifier>
    </Filter>
    <Filter Include="libraries\x64">
      <UniqueIdentifier>{e6163fbf-b8d1-4d4c-aedc-9bbbfd2dcc7a}</UniqueIdentifier>
    </Filter>
    <Filter Include="libraries\x86">
      <UniqueIdentifier>{2a7c4fc3-93fb-40ac-9599-08867eced272}</UniqueIdentifier>
    </Filter>
    <Filter Include="dependencies">
      <UniqueIdentifier>{3da1937c-0833-43c1-8cc4-f36bea1cdba6}</UniqueIdentifier>
    </Filter>
    <Filter Include="font">
      <UniqueIdentifier>{b33946b0-5a73-4252-9b2d-b9ac03fa6d66}</UniqueIdentifier>
    </Filter>
    <Filter Include="x64">
      <UniqueIdentifier>{3cc3334f-1273-486d-a734-4eb6ba3a5810}</UniqueIdentifier>
    </Filter>
    <Filter Include="x64\Debug">
      <UniqueIdentifier>{29b2b33a-76fe-4669-88cd-f94e1ae3ce5b}</UniqueIdentifier>
    </Filter>
    <Filter Include="x64\Release">
      <UniqueIdentifier>{be5790e9-b7af-42cf-a66c-74b035229c19}</UniqueIdentifier>
    </Filter>
    <Filter Include="Win32">
      <UniqueIdentifier>{785d3099-6398-4435-a3c3-c50f5be2ba38}</UniqueIdentifier>
    </Filter>
    <Filter Include="Win32\Debug">
      <UniqueIdentifier>{3dcb0bfc-fdb5-4720-84a7-214eb6d638bd}</UniqueIdentifier>
    </Filter>
    <Filter Include="Win32\Release">
      <UniqueIdentifier>{349cc4a0-0335-4f0f-9aff-396b98e0a7c0}</UniqueIdentifier>
    </Filter>
    <Filter Include="resources">
      <UniqueIdentifier>{ab82e623-3972-4af9-9abc-267c25ab694c}</UniqueIdentifier>
    </Filter>
    <Filter Include="Win32\Debug Opt">
      <UniqueIdentifier>{c5a5833a-2e44-4ad0-9203-caf7db3426b7}</UniqueIdentifier>
    </Filter>
    <Filter Include="Win32\Debug Nowindow">
      <UniqueIdentifier>{db5a021b-ea43-404c-a5ef-5d62612d5b80}</UniqueIdentifier>
    </Filter>
    <Filter Include="x64\Debug Opt">
      <UniqueIdentifier>{392b1017-febf-44f6-a8fa-0810ce2c468f}</UniqueIdentifier>
    </Filter>
    <Filter Include="x64\Debug Nowindow">
      <UniqueIdentifier>{03754625-3d27-4a95-974d-a3ab43e49032}</UniqueIdentifier>
    </Filter>
  </ItemGroup>
  <ItemGroup>
    <ClCompile Include="source\main.c">
      <Filter>source</Filter>
    </ClCompile>
    <ClCompile Include="source\system.c">
      <Filter>source</Filter>
    </ClCompile>
    <ClCompile Include="source\input.c">
      <Filter>source</Filter>
    </ClCompile>
    <ClCompile Include="source\render.c">
      <Filter>source</Filter>
    </ClCompile>
    <ClCompile Include="source\log.c">
      <Filter>source</Filter>
    </ClCompile>
    <ClCompile Include="source\game.c">
      <Filter>source</Filter>
    </ClCompile>
    <ClCompile Include="source\menu.c">
      <Filter>source</Filter>
    </ClCompile>
    <ClCompile Include="source\unit.c">
      <Filter>source</Filter>
    </ClCompile>
    <ClCompile Include="source\map.c">
      <Filter>source</Filter>
    </ClCompile>
    <ClCompile Include="source\pathing.c">
      <Filter>source</Filter>
    </ClCompile>
    <ClCompile Include="source\building.c">
      <Filter>source</Filter>
    </ClCompile>
    <ClCompile Include="source\world.c">
      <Filter>source</Filter>
    </ClCompile>
  </ItemGroup>
  <ItemGroup>
    <ClInclude Include="include\system.h">
      <Filter>include</Filter>
    </ClInclude>
    <ClInclude Include="dependencies\begin_code.h">
      <Filter>dependencies</Filter>
    </ClInclude>
    <ClInclude Include="dependencies\close_code.h">
      <Filter>dependencies</Filter>
    </ClInclude>
    <ClInclude Include="dependencies\SDL.h">
      <Filter>dependencies</Filter>
    </ClInclude>
    <ClInclude Include="dependencies\SDL_assert.h">
      <Filter>dependencies</Filter>
    </ClInclude>
    <ClInclude Include="dependencies\SDL_atomic.h">
      <Filter>dependencies</Filter>
    </ClInclude>
    <ClInclude Include="dependencies\SDL_audio.h">
      <Filter>dependencies</Filter>
    </ClInclude>
    <ClInclude Include="dependencies\SDL_bits.h">
      <Filter>dependencies</Filter>
    </ClInclude>
    <ClInclude Include="dependencies\SDL_blendmode.h">
      <Filter>dependencies</Filter>
    </ClInclude>
    <ClInclude Include="dependencies\SDL_clipboard.h">
      <Filter>dependencies</Filter>
    </ClInclude>
    <ClInclude Include="dependencies\SDL_config.h">
      <Filter>dependencies</Filter>
    </ClInclude>
    <ClInclude Include="dependencies\SDL_cpuinfo.h">
      <Filter>dependencies</Filter>
    </ClInclude>
    <ClInclude Include="dependencies\SDL_egl.h">
      <Filter>dependencies</Filter>
    </ClInclude>
    <ClInclude Include="dependencies\SDL_endian.h">
      <Filter>dependencies</Filter>
    </ClInclude>
    <ClInclude Include="dependencies\SDL_error.h">
      <Filter>dependencies</Filter>
    </ClInclude>
    <ClInclude Include="dependencies\SDL_events.h">
      <Filter>dependencies</Filter>
    </ClInclude>
    <ClInclude Include="dependencies\SDL_filesystem.h">
      <Filter>dependencies</Filter>
    </ClInclude>
    <ClInclude Include="dependencies\SDL_gamecontroller.h">
      <Filter>dependencies</Filter>
    </ClInclude>
    <ClInclude Include="dependencies\SDL_gesture.h">
      <Filter>dependencies</Filter>
    </ClInclude>
    <ClInclude Include="dependencies\SDL_haptic.h">
      <Filter>dependencies</Filter>
    </ClInclude>
    <ClInclude Include="dependencies\SDL_hints.h">
      <Filter>dependencies</Filter>
    </ClInclude>
    <ClInclude Include="dependencies\SDL_joystick.h">
      <Filter>dependencies</Filter>
    </ClInclude>
    <ClInclude Include="dependencies\SDL_keyboard.h">
      <Filter>dependencies</Filter>
    </ClInclude>
    <ClInclude Include="dependencies\SDL_keycode.h">
      <Filter>dependencies</Filter>
    </ClInclude>
    <ClInclude Include="dependencies\SDL_loadso.h">
      <Filter>dependencies</Filter>
    </ClInclude>
    <ClInclude Include="dependencies\SDL_log.h">
      <Filter>dependencies</Filter>
    </ClInclude>
    <ClInclude Include="dependencies\SDL_main.h">
      <Filter>dependencies</Filter>
    </ClInclude>
    <ClInclude Include="dependencies\SDL_messagebox.h">
      <Filter>dependencies</Filter>
    </ClInclude>
    <ClInclude Include="dependencies\SDL_mouse.h">
      <Filter>dependencies</Filter>
    </ClInclude>
    <ClInclude Include="dependencies\SDL_mutex.h">
      <Filter>dependencies</Filter>
    </ClInclude>
    <ClInclude Include="dependencies\SDL_name.h">
      <Filter>dependencies</Filter>
    </ClInclude>
    <ClInclude Include="dependencies\SDL_opengl.h">
      <Filter>dependencies</Filter>
    </ClInclude>
    <ClInclude Include="dependencies\SDL_opengl_glext.h">
      <Filter>dependencies</Filter>
    </ClInclude>
    <ClInclude Include="dependencies\SDL_opengles.h">
      <Filter>dependencies</Filter>
    </ClInclude>
    <ClInclude Include="dependencies\SDL_opengles2.h">
      <Filter>dependencies</Filter>
    </ClInclude>
    <ClInclude Include="dependencies\SDL_opengles2_gl2.h">
      <Filter>dependencies</Filter>
    </ClInclude>
    <ClInclude Include="dependencies\SDL_opengles2_gl2ext.h">
      <Filter>dependencies</Filter>
    </ClInclude>
    <ClInclude Include="dependencies\SDL_opengles2_gl2platform.h">
      <Filter>dependencies</Filter>
    </ClInclude>
    <ClInclude Include="dependencies\SDL_opengles2_khrplatform.h">
      <Filter>dependencies</Filter>
    </ClInclude>
    <ClInclude Include="dependencies\SDL_pixels.h">
      <Filter>dependencies</Filter>
    </ClInclude>
    <ClInclude Include="dependencies\SDL_platform.h">
      <Filter>dependencies</Filter>
    </ClInclude>
    <ClInclude Include="dependencies\SDL_power.h">
      <Filter>dependencies</Filter>
    </ClInclude>
    <ClInclude Include="dependencies\SDL_quit.h">
      <Filter>dependencies</Filter>
    </ClInclude>
    <ClInclude Include="dependencies\SDL_rect.h">
      <Filter>dependencies</Filter>
    </ClInclude>
    <ClInclude Include="dependencies\SDL_render.h">
      <Filter>dependencies</Filter>
    </ClInclude>
    <ClInclude Include="dependencies\SDL_revision.h">
      <Filter>dependencies</Filter>
    </ClInclude>
    <ClInclude Include="dependencies\SDL_rwops.h">
      <Filter>dependencies</Filter>
    </ClInclude>
    <ClInclude Include="dependencies\SDL_scancode.h">
      <Filter>dependencies</Filter>
    </ClInclude>
    <ClInclude Include="dependencies\SDL_shape.h">
      <Filter>dependencies</Filter>
    </ClInclude>
    <ClInclude Include="dependencies\SDL_stdinc.h">
      <Filter>dependencies</Filter>
    </ClInclude>
    <ClInclude Include="dependencies\SDL_surface.h">
      <Filter>dependencies</Filter>
    </ClInclude>
    <ClInclude Include="dependencies\SDL_system.h">
      <Filter>dependencies</Filter>
    </ClInclude>
    <ClInclude Include="dependencies\SDL_syswm.h">
      <Filter>dependencies</Filter>
    </ClInclude>
    <ClInclude Include="dependencies\SDL_test.h">
      <Filter>dependencies</Filter>
    </ClInclude>
    <ClInclude Include="dependencies\SDL_test_assert.h">
      <Filter>dependencies</Filter>
    </ClInclude>
    <ClInclude Include="dependencies\SDL_test_common.h">
      <Filter>dependencies</Filter>
    </ClInclude>
    <ClInclude Include="dependencies\SDL_test_compare.h">
      <Filter>dependencies</Filter>
    </ClInclude>
    <ClInclude Include="dependencies\SDL_test_crc32.h">
      <Filter>dependencies</Filter>
    </ClInclude>
    <ClInclude Include="dependencies\SDL_test_font.h">
      <Filter>dependencies</Filter>
    </ClInclude>
    <ClInclude Include="dependencies\SDL_test_fuzzer.h">
      <Filter>dependencies</Filter>
    </ClInclude>
    <ClInclude Include="dependencies\SDL_test_harness.h">
      <Filter>dependencies</Filter>
    </ClInclude>
    <ClInclude Include="dependencies\SDL_test_images.h">
      <Filter>dependencies</Filter>
    </ClInclude>
    <ClInclude Include="dependencies\SDL_test_log.h">
      <Filter>dependencies</Filter>
    </ClInclude>
    <ClInclude Include="dependencies\SDL_test_md5.h">
      <Filter>dependencies</Filter>
    </ClInclude>
    <ClInclude Include="dependencies\SDL_test_random.h">
      <Filter>dependencies</Filter>
    </ClInclude>
    <ClInclude Include="dependencies\SDL_thread.h">
      <Filter>dependencies</Filter>
    </ClInclude>
    <ClInclude Include="dependencies\SDL_timer.h">
      <Filter>dependencies</Filter>
    </ClInclude>
    <ClInclude Include="dependencies\SDL_touch.h">
      <Filter>dependencies</Filter>
    </ClInclude>
    <ClInclude Include="dependencies\SDL_ttf.h">
      <Filter>dependencies</Filter>
    </ClInclude>
    <ClInclude Include="dependencies\SDL_types.h">
      <Filter>dependencies</Filter>
    </ClInclude>
    <ClInclude Include="dependencies\SDL_version.h">
      <Filter>dependencies</Filter>
    </ClInclude>
    <ClInclude Include="dependencies\SDL_video.h">
      <Filter>dependencies</Filter>
    </ClInclude>
    <ClInclude Include="include\render.h">
      <Filter>include</Filter>
    </ClInclude>
    <ClInclude Include="include\input.h">
      <Filter>include</Filter>
    </ClInclude>
    <ClInclude Include="include\log.h">
      <Filter>include</Filter>
    </ClInclude>
    <ClInclude Include="include\game.h">
      <Filter>include</Filter>
    </ClInclude>
    <ClInclude Include="include\menu.h">
      <Filter>include</Filter>
    </ClInclude>
    <ClInclude Include="include\state.h">
      <Filter>include</Filter>
    </ClInclude>
    <ClInclude Include="dependencies\SDL_image.h">
      <Filter>dependencies</Filter>
    </ClInclude>
    <ClInclude Include="include\unit.h">
      <Filter>include</Filter>
    </ClInclude>
    <ClInclude Include="include\map.h">
      <Filter>include</Filter>
    </ClInclude>
    <ClInclude Include="include\pathing.h">
      <Filter>include</Filter>
    </ClInclude>
    <ClInclude Include="include\building.h">
      <Filter>include</Filter>
    </ClInclude>
    <ClInclude Include="include\world.h">
      <Filter>include</Filter>
    </ClInclude>
  </ItemGroup>
  <ItemGroup>
    <None Include="x64\Debug\libfreetype-6.dll">
      <Filter>x64\Debug</Filter>
    </None>
    <None Include="x64\Debug\zlib1.dll">
      <Filter>x64\Debug</Filter>
    </None>
    <None Include="x64\Release\libfreetype-6.dll">
      <Filter>x64\Release</Filter>
    </None>
    <None Include="x64\Release\zlib1.dll">
      <Filter>x64\Release</Filter>
    </None>
    <None Include="Win32\Debug\libfreetype-6.dll">
      <Filter>Win32\Debug</Filter>
    </None>
    <None Include="Win32\Debug\zlib1.dll">
      <Filter>Win32\Debug</Filter>
    </None>
    <None Include="Win32\Release\libfreetype-6.dll">
      <Filter>Win32\Release</Filter>
    </None>
    <None Include="Win32\Release\zlib1.dll">
      <Filter>Win32\Release</Filter>
    </None>
    <None Include="resources\0000.pmap">
      <Filter>resources</Filter>
    </None>
    <None Include="resources\0001.pmap">
      <Filter>resources</Filter>
    </None>
    <None Include="Win32\Debug\libjpeg-9.dll">
      <Filter>Win32\Debug</Filter>
    </None>
    <None Include="Win32\Debug\libpng16-16.dll">
      <Filter>Win32\Debug</Filter>
    </None>
    <None Include="Win32\Debug\libtiff-5.dll">
      <Filter>Win32\Debug</Filter>
    </None>
    <None Include="Win32\Debug\libwebp-4.dll">
      <Filter>Win32\Debug</Filter>
    </None>
    <None Include="Win32\Release\libjpeg-9.dll">
      <Filter>Win32\Release</Filter>
    </None>
    <None Include="Win32\Release\libpng16-16.dll">
      <Filter>Win32\Release</Filter>
    </None>
    <None Include="Win32\Release\libtiff-5.dll">
      <Filter>Win32\Release</Filter>
    </None>
    <None Include="Win32\Release\libwebp-4.dll">
      <Filter>Win32\Release</Filter>
    </None>
    <None Include="x64\Debug\libjpeg-9.dll">
      <Filter>x64\Debug</Filter>
    </None>
    <None Include="x64\Debug\libpng16-16.dll">
      <Filter>x64\Debug</Filter>
    </None>
    <None Include="x64\Debug\libtiff-5.dll">
      <Filter>x64\Debug</Filter>
    </None>
    <None Include="x64\Debug\libwebp-4.dll">
      <Filter>x64\Debug</Filter>
    </None>
    <None Include="x64\Release\libjpeg-9.dll">
      <Filter>x64\Release</Filter>
    </None>
    <None Include="x64\Release\libpng16-16.dll">
      <Filter>x64\Release</Filter>
    </None>
    <None Include="x64\Release\libtiff-5.dll">
      <Filter>x64\Release</Filter>
    </None>
    <None Include="x64\Release\libwebp-4.dll">
      <Filter>x64\Release</Filter>
    </None>
    <None Include="resources\0002.pmap">
      <Filter>resources</Filter>
    </None>
    <None Include="resources\0003.pmap">
      <Filter>resources</Filter>
    </None>
    <None Include="x64\Debug Nowindow\libfreetype-6.dll">
      <Filter>x64\Debug Nowindow</Filter>
    </None>
    <None Include="x64\Debug Nowindow\libjpeg-9.dll">
      <Filter>x64\Debug Nowindow</Filter>
    </None>
    <None Include="x64\Debug Nowindow\libpng16-16.dll">
      <Filter>x64\Debug Nowindow</Filter>
    </None>
    <None Include="x64\Debug Nowindow\libtiff-5.dll">
      <Filter>x64\Debug Nowindow</Filter>
    </None>
    <None Include="x64\Debug Nowindow\libwebp-4.dll">
      <Filter>x64\Debug Nowindow</Filter>
    </None>
    <None Include="x64\Debug Opt\libfreetype-6.dll">
      <Filter>x64\Debug Opt</Filter>
    </None>
    <None Include="x64\Debug Opt\libjpeg-9.dll">
      <Filter>x64\Debug Opt</Filter>
    </None>
    <None Include="x64\Debug Opt\libpng16-16.dll">
      <Filter>x64\Debug Opt</Filter>
    </None>
    <None Include="x64\Debug Opt\libtiff-5.dll">
      <Filter>x64\Debug Opt</Filter>
    </None>
    <None Include="x64\Debug Opt\libwebp-4.dll">
      <Filter>x64\Debug Opt</Filter>
    </None>
    <None Include="Win32\Debug Nowindow\libfreetype-6.dll">
      <Filter>Win32\Debug Nowindow</Filter>
    </None>
    <None Include="Win32\Debug Nowindow\libjpeg-9.dll">
      <Filter>Win32\Debug Nowindow</Filter>
    </None>
    <None Include="Win32\Debug Nowindow\libpng16-16.dll">
      <Filter>Win32\Debug Nowindow</Filter>
    </None>
    <None Include="Win32\Debug Nowindow\libtiff-5.dll">
      <Filter>Win32\Debug Nowindow</Filter>
    </None>
    <None Include="Win32\Debug Nowindow\libwebp-4.dll">
      <Filter>Win32\Debug Nowindow</Filter>
    </None>
    <None Include="Win32\Debug Nowindow\zlib1.dll">
      <Filter>Win32\Debug Nowindow</Filter>
    </None>
    <None Include="Win32\Debug Opt\libfreetype-6.dll">
      <Filter>Win32\Debug Opt</Filter>
    </None>
    <None Include="Win32\Debug Opt\libjpeg-9.dll">
      <Filter>Win32\Debug Opt</Filter>
    </None>
    <None Include="Win32\Debug Opt\libpng16-16.dll">
      <Filter>Win32\Debug Opt</Filter>
    </None>
    <None Include="Win32\Debug Opt\libtiff-5.dll">
      <Filter>Win32\Debug Opt</Filter>
    </None>
    <None Include="Win32\Debug Opt\libwebp-4.dll">
      <Filter>Win32\Debug Opt</Filter>
    </None>
    <None Include="Win32\Debug Opt\zlib1.dll">
      <Filter>Win32\Debug Opt</Filter>
    </None>
    <None Include="x64\Debug Nowindow\zlib1.dll">
      <Filter>x64\Debug Nowindow</Filter>
    </None>
    <None Include="x64\Debug Opt\zlib1.dll">
      <Filter>x64\Debug Opt</Filter>
    </None>
    <None Include="Win32\Debug\SDL2.dll">
      <Filter>Win32\Debug</Filter>
    </None>
    <None Include="Win32\Debug\SDL2_image.dll">
      <Filter>Win32\Debug</Filter>
    </None>
    <None Include="Win32\Debug\SDL2_ttf.dll">
      <Filter>Win32\Debug</Filter>
    </None>
    <None Include="Win32\Debug Opt\SDL2.dll">
      <Filter>Win32\Debug Opt</Filter>
    </None>
    <None Include="Win32\Debug Opt\SDL2_image.dll">
      <Filter>Win32\Debug Opt</Filter>
    </None>
    <None Include="Win32\Debug Opt\SDL2_ttf.dll">
      <Filter>Win32\Debug Opt</Filter>
    </None>
    <None Include="Win32\Debug Nowindow\SDL2.dll">
      <Filter>Win32\Debug Nowindow</Filter>
    </None>
    <None Include="Win32\Debug Nowindow\SDL2_image.dll">
      <Filter>Win32\Debug Nowindow</Filter>
    </None>
    <None Include="Win32\Debug Nowindow\SDL2_ttf.dll">
      <Filter>Win32\Debug Nowindow</Filter>
    </None>
    <None Include="Win32\Release\SDL2.dll">
      <Filter>Win32\Release</Filter>
    </None>
    <None Include="Win32\Release\SDL2_image.dll">
      <Filter>Win32\Release</Filter>
    </None>
    <None Include="Win32\Release\SDL2_ttf.dll">
      <Filter>Win32\Release</Filter>
    </None>
    <None Include="x64\Debug\SDL2.dll">
      <Filter>x64\Debug</Filter>
    </None>
    <None Include="x64\Debug\SDL2_image.dll">
      <Filter>x64\Debug</Filter>
    </None>
    <None Include="x64\Debug\SDL2_ttf.dll">
      <Filter>x64\Debug</Filter>
    </None>
    <None Include="x64\Debug Opt\SDL2.dll">
      <Filter>x64\Debug Opt</Filter>
    </None>
    <None Include="x64\Debug Opt\SDL2_image.dll">
      <Filter>x64\Debug Opt</Filter>
    </None>
    <None Include="x64\Debug Opt\SDL2_ttf.dll">
      <Filter>x64\Debug Opt</Filter>
    </None>
    <None Include="x64\Debug Nowindow\SDL2.dll">
      <Filter>x64\Debug Nowindow</Filter>
    </None>
    <None Include="x64\Debug Nowindow\SDL2_image.dll">
      <Filter>x64\Debug Nowindow</Filter>
    </None>
    <None Include="x64\Debug Nowindow\SDL2_ttf.dll">
      <Filter>x64\Debug Nowindow</Filter>
    </None>
    <None Include="x64\Release\SDL2.dll">
      <Filter>x64\Release</Filter>
    </None>
    <None Include="x64\Release\SDL2_image.dll">
      <Filter>x64\Release</Filter>
    </None>
    <None Include="x64\Release\SDL2_ttf.dll">
      <Filter>x64\Release</Filter>
    </None>
  </ItemGroup>
  <ItemGroup>
    <Library Include="libraries\x86\SDL2.lib">
      <Filter>libraries\x86</Filter>
    </Library>
    <Library Include="libraries\x86\SDL2_ttf.lib">
      <Filter>libraries\x86</Filter>
    </Library>
    <Library Include="libraries\x86\SDL2main.lib">
      <Filter>libraries\x86</Filter>
    </Library>
    <Library Include="libraries\x86\SDL2test.lib">
      <Filter>libraries\x86</Filter>
    </Library>
    <Library Include="libraries\x64\SDL2.lib">
      <Filter>libraries\x64</Filter>
    </Library>
    <Library Include="libraries\x64\SDL2_ttf.lib">
      <Filter>libraries\x64</Filter>
    </Library>
    <Library Include="libraries\x64\SDL2main.lib">
      <Filter>libraries\x64</Filter>
    </Library>
    <Library Include="libraries\x64\SDL2test.lib">
      <Filter>libraries\x64</Filter>
    </Library>
    <Library Include="libraries\x64\SDL2_image.lib">
      <Filter>libraries\x64</Filter>
    </Library>
    <Library Include="libraries\x86\SDL2_image.lib">
      <Filter>libraries\x86</Filter>
    </Library>
  </ItemGroup>
  <ItemGroup>
    <Font Include="font\Consolas.ttf">
      <Filter>font</Filter>
    </Font>
  </ItemGroup>
  <ItemGroup>
    <Image Include="resources\dirt.png">
      <Filter>resources</Filter>
    </Image>
    <Image Include="resources\grass.png">
      <Filter>resources</Filter>
    </Image>
    <Image Include="resources\green_slopes.png">
      <Filter>resources</Filter>
    </Image>
  </ItemGroup>
</Project>